
Microsoft Visual Studio Solution File, Format Version 12.00
# Visual Studio Version 17
VisualStudioVersion = 17.6.33829.357
MinimumVisualStudioVersion = 10.0.40219.1
Project("{FAE04EC0-301F-11D3-BF4B-00C04F79EFBC}") = "PR", "PR.csproj", "{F84C465C-B11B-4F17-B96B-AD7510C0D887}"
EndProject
Global
	GlobalSection(SolutionConfigurationPlatforms) = preSolution
		Debug|Any CPU = Debug|Any CPU
		Release|Any CPU = Release|Any CPU
	EndGlobalSection
	GlobalSection(ProjectConfigurationPlatforms) = postSolution
		{F84C465C-B11B-4F17-B96B-AD7510C0D887}.Debug|Any CPU.ActiveCfg = Debug|Any CPU
		{F84C465C-B11B-4F17-B96B-AD7510C0D887}.Debug|Any CPU.Build.0 = Debug|Any CPU
		{F84C465C-B11B-4F17-B96B-AD7510C0D887}.Release|Any CPU.ActiveCfg = Release|Any CPU
		{F84C465C-B11B-4F17-B96B-AD7510C0D887}.Release|Any CPU.Build.0 = Release|Any CPU
	EndGlobalSection
	GlobalSection(SolutionProperties) = preSolution
		HideSolutionNode = FALSE
	EndGlobalSection
	GlobalSection(ExtensibilityGlobals) = postSolution
		SolutionGuid = {5DEA12E3-E4B5-439F-A01C-4D5A3E458423}
	EndGlobalSection
EndGlobal
